
Microsoft Visual Studio Solution File, Format Version 12.00
# Visual Studio Version 16
VisualStudioVersion = 16.0.32228.343
MinimumVisualStudioVersion = 10.0.40219.1
Project("{E24C65DC-7377-472B-9ABA-BC803B73C61A}") = "JRD Projects", ".", "{1C0CF31E-AFA4-4EBF-8AED-6E69D8C7C8BB}"
	ProjectSection(WebsiteProperties) = preProject
		TargetFrameworkMoniker = ".NETFramework,Version%3Dv4.8"
		Debug.AspNetCompiler.VirtualPath = "/localhost_57318"
		Debug.AspNetCompiler.PhysicalPath = "..\JRD Projects\"
		Debug.AspNetCompiler.TargetPath = "PrecompiledWeb\localhost_57318\"
		Debug.AspNetCompiler.Updateable = "true"
		Debug.AspNetCompiler.ForceOverwrite = "true"
		Debug.AspNetCompiler.FixedNames = "false"
		Debug.AspNetCompiler.Debug = "True"
		Release.AspNetCompiler.VirtualPath = "/localhost_57318"
		Release.AspNetCompiler.PhysicalPath = "..\JRD Projects\"
		Release.AspNetCompiler.TargetPath = "PrecompiledWeb\localhost_57318\"
		Release.AspNetCompiler.Updateable = "true"
		Release.AspNetCompiler.ForceOverwrite = "true"
		Release.AspNetCompiler.FixedNames = "false"
		Release.AspNetCompiler.Debug = "False"
		VWDPort = "57318"
		SlnRelativePath = "..\JRD Projects\"
	EndProjectSection
EndProject
Global
	GlobalSection(SolutionConfigurationPlatforms) = preSolution
		Debug|Any CPU = Debug|Any CPU
	EndGlobalSection
	GlobalSection(ProjectConfigurationPlatforms) = postSolution
		{1C0CF31E-AFA4-4EBF-8AED-6E69D8C7C8BB}.Debug|Any CPU.ActiveCfg = Debug|Any CPU
		{1C0CF31E-AFA4-4EBF-8AED-6E69D8C7C8BB}.Debug|Any CPU.Build.0 = Debug|Any CPU
	EndGlobalSection
	GlobalSection(SolutionProperties) = preSolution
		HideSolutionNode = FALSE
	EndGlobalSection
	GlobalSection(ExtensibilityGlobals) = postSolution
		SolutionGuid = {4238B466-1CA1-44EB-BB2C-214C71861385}
	EndGlobalSection
EndGlobal
